// !$*UTF8*$!
{
	archiveVersion = 1;
	classes = {
	};
	objectVersion = 56;
	objects = {

/* Begin PBXBuildFile section */
		DF508C952A148F1900C714AC /* SwiftfulMapAppApp.swift in Sources */ = {isa = PBXBuildFile; fileRef = DF7CD8362A0F307C00A2ACB6 /* SwiftfulMapAppApp.swift */; };
		DF508C962A148F2000C714AC /* LocationsDataService.swift in Sources */ = {isa = PBXBuildFile; fileRef = DF7CD84D2A1006A800A2ACB6 /* LocationsDataService.swift */; };
		DF508C972A148F2C00C714AC /* LocationViewModel.swift in Sources */ = {isa = PBXBuildFile; fileRef = DF7CD8532A100B8C00A2ACB6 /* LocationViewModel.swift */; };
		DF508C982A148F3C00C714AC /* LocationsView.swift in Sources */ = {isa = PBXBuildFile; fileRef = DF7CD8512A1008A800A2ACB6 /* LocationsView.swift */; };
		DF508C992A148F3C00C714AC /* LocationsListView.swift in Sources */ = {isa = PBXBuildFile; fileRef = DF7CD8552A105A1C00A2ACB6 /* LocationsListView.swift */; };
		DF508C9A2A148F3C00C714AC /* LocationPreviewView.swift in Sources */ = {isa = PBXBuildFile; fileRef = DF7CD8572A106A1C00A2ACB6 /* LocationPreviewView.swift */; };
		DF508C9B2A148F3C00C714AC /* LocationMapAnnotionView.swift in Sources */ = {isa = PBXBuildFile; fileRef = DFBA59732A11CA3E0093E9AD /* LocationMapAnnotionView.swift */; };
		DF508C9C2A148F3C00C714AC /* LocationDetailView.swift in Sources */ = {isa = PBXBuildFile; fileRef = DFBA59752A11CFE20093E9AD /* LocationDetailView.swift */; };
		DF508C9D2A148F4200C714AC /* Location.swift in Sources */ = {isa = PBXBuildFile; fileRef = DF7CD84A2A10056000A2ACB6 /* Location.swift */; };
		DF7CD83E2A0F307D00A2ACB6 /* Preview Assets.xcassets in Resources */ = {isa = PBXBuildFile; fileRef = DF7CD83D2A0F307D00A2ACB6 /* Preview Assets.xcassets */; };
		DF7CD8452A0F309D00A2ACB6 /* Assets.xcassets in Resources */ = {isa = PBXBuildFile; fileRef = DF7CD8442A0F309D00A2ACB6 /* Assets.xcassets */; };
/* End PBXBuildFile section */

/* Begin PBXFileReference section */
		DF7CD8332A0F307C00A2ACB6 /* SwiftfulMapApp.app */ = {isa = PBXFileReference; explicitFileType = wrapper.application; includeInIndex = 0; path = SwiftfulMapApp.app; sourceTree = BUILT_PRODUCTS_DIR; };
		DF7CD8362A0F307C00A2ACB6 /* SwiftfulMapAppApp.swift */ = {isa = PBXFileReference; lastKnownFileType = sourcecode.swift; path = SwiftfulMapAppApp.swift; sourceTree = "<group>"; };
		DF7CD83D2A0F307D00A2ACB6 /* Preview Assets.xcassets */ = {isa = PBXFileReference; lastKnownFileType = folder.assetcatalog; path = "Preview Assets.xcassets"; sourceTree = "<group>"; };
		DF7CD8442A0F309D00A2ACB6 /* Assets.xcassets */ = {isa = PBXFileReference; lastKnownFileType = folder.assetcatalog; path = Assets.xcassets; sourceTree = "<group>"; };
		DF7CD8462A0F30AB00A2ACB6 /* Info.plist */ = {isa = PBXFileReference; lastKnownFileType = text.plist; name = Info.plist; path = SwiftfulMapApp/Info.plist; sourceTree = SOURCE_ROOT; };
		DF7CD84A2A10056000A2ACB6 /* Location.swift */ = {isa = PBXFileReference; lastKnownFileType = sourcecode.swift; path = Location.swift; sourceTree = "<group>"; };
		DF7CD84D2A1006A800A2ACB6 /* LocationsDataService.swift */ = {isa = PBXFileReference; fileEncoding = 4; lastKnownFileType = sourcecode.swift; path = LocationsDataService.swift; sourceTree = "<group>"; };
		DF7CD8512A1008A800A2ACB6 /* LocationsView.swift */ = {isa = PBXFileReference; lastKnownFileType = sourcecode.swift; path = LocationsView.swift; sourceTree = "<group>"; };
		DF7CD8532A100B8C00A2ACB6 /* LocationViewModel.swift */ = {isa = PBXFileReference; lastKnownFileType = sourcecode.swift; path = LocationViewModel.swift; sourceTree = "<group>"; };
		DF7CD8552A105A1C00A2ACB6 /* LocationsListView.swift */ = {isa = PBXFileReference; lastKnownFileType = sourcecode.swift; path = LocationsListView.swift; sourceTree = "<group>"; };
		DF7CD8572A106A1C00A2ACB6 /* LocationPreviewView.swift */ = {isa = PBXFileReference; lastKnownFileType = sourcecode.swift; path = LocationPreviewView.swift; sourceTree = "<group>"; };
		DFBA59732A11CA3E0093E9AD /* LocationMapAnnotionView.swift */ = {isa = PBXFileReference; lastKnownFileType = sourcecode.swift; path = LocationMapAnnotionView.swift; sourceTree = "<group>"; };
		DFBA59752A11CFE20093E9AD /* LocationDetailView.swift */ = {isa = PBXFileReference; lastKnownFileType = sourcecode.swift; path = LocationDetailView.swift; sourceTree = "<group>"; };
/* End PBXFileReference section */

/* Begin PBXFrameworksBuildPhase section */
		DF7CD8302A0F307C00A2ACB6 /* Frameworks */ = {
			isa = PBXFrameworksBuildPhase;
			buildActionMask = 2147483647;
			files = (
			);
			runOnlyForDeploymentPostprocessing = 0;
		};
/* End PBXFrameworksBuildPhase section */

/* Begin PBXGroup section */
		DF7CD82A2A0F307C00A2ACB6 = {
			isa = PBXGroup;
			children = (
				DF7CD8352A0F307C00A2ACB6 /* SwiftfulMapApp */,
				DF7CD8342A0F307C00A2ACB6 /* Products */,
			);
			sourceTree = "<group>";
		};
		DF7CD8342A0F307C00A2ACB6 /* Products */ = {
			isa = PBXGroup;
			children = (
				DF7CD8332A0F307C00A2ACB6 /* SwiftfulMapApp.app */,
			);
			name = Products;
			sourceTree = "<group>";
		};
		DF7CD8352A0F307C00A2ACB6 /* SwiftfulMapApp */ = {
			isa = PBXGroup;
			children = (
				DF7CD8362A0F307C00A2ACB6 /* SwiftfulMapAppApp.swift */,
				DF7CD84C2A10068500A2ACB6 /* Data Services */,
				DF7CD8492A0F310C00A2ACB6 /* ViewModels */,
				DF7CD8482A0F30E500A2ACB6 /* Views */,
				DF7CD8472A0F30CF00A2ACB6 /* Models */,
				DF7CD8442A0F309D00A2ACB6 /* Assets.xcassets */,
				DF7CD8462A0F30AB00A2ACB6 /* Info.plist */,
				DF7CD83C2A0F307D00A2ACB6 /* Preview Content */,
			);
			path = SwiftfulMapApp;
			sourceTree = "<group>";
		};
		DF7CD83C2A0F307D00A2ACB6 /* Preview Content */ = {
			isa = PBXGroup;
			children = (
				DF7CD83D2A0F307D00A2ACB6 /* Preview Assets.xcassets */,
			);
			path = "Preview Content";
			sourceTree = "<group>";
		};
		DF7CD8472A0F30CF00A2ACB6 /* Models */ = {
			isa = PBXGroup;
			children = (
				DF7CD84A2A10056000A2ACB6 /* Location.swift */,
			);
			path = Models;
			sourceTree = "<group>";
		};
		DF7CD8482A0F30E500A2ACB6 /* Views */ = {
			isa = PBXGroup;
			children = (
				DF7CD8512A1008A800A2ACB6 /* LocationsView.swift */,
				DF7CD8552A105A1C00A2ACB6 /* LocationsListView.swift */,
				DF7CD8572A106A1C00A2ACB6 /* LocationPreviewView.swift */,
				DFBA59732A11CA3E0093E9AD /* LocationMapAnnotionView.swift */,
				DFBA59752A11CFE20093E9AD /* LocationDetailView.swift */,
			);
			path = Views;
			sourceTree = "<group>";
		};
		DF7CD8492A0F310C00A2ACB6 /* ViewModels */ = {
			isa = PBXGroup;
			children = (
				DF7CD8532A100B8C00A2ACB6 /* LocationViewModel.swift */,
			);
			path = ViewModels;
			sourceTree = "<group>";
		};
		DF7CD84C2A10068500A2ACB6 /* Data Services */ = {
			isa = PBXGroup;
			children = (
				DF7CD84D2A1006A800A2ACB6 /* LocationsDataService.swift */,
			);
			path = "Data Services";
			sourceTree = "<group>";
		};
/* End PBXGroup section */

/* Begin PBXNativeTarget section */
		DF7CD8322A0F307C00A2ACB6 /* SwiftfulMapApp */ = {
			isa = PBXNativeTarget;
			buildConfigurationList = DF7CD8412A0F307D00A2ACB6 /* Build configuration list for PBXNativeTarget "SwiftfulMapApp" */;
			buildPhases = (
				DF7CD82F2A0F307C00A2ACB6 /* Sources */,
				DF7CD8302A0F307C00A2ACB6 /* Frameworks */,
				DF7CD8312A0F307C00A2ACB6 /* Resources */,
			);
			buildRules = (
			);
			dependencies = (
			);
			name = SwiftfulMapApp;
			productName = SwiftfulMapApp;
			productReference = DF7CD8332A0F307C00A2ACB6 /* SwiftfulMapApp.app */;
			productType = "com.apple.product-type.application";
		};
/* End PBXNativeTarget section */

/* Begin PBXProject section */
		DF7CD82B2A0F307C00A2ACB6 /* Project object */ = {
			isa = PBXProject;
			attributes = {
				BuildIndependentTargetsInParallel = 1;
				LastSwiftUpdateCheck = 1420;
				LastUpgradeCheck = 1420;
				TargetAttributes = {
					DF7CD8322A0F307C00A2ACB6 = {
						CreatedOnToolsVersion = 14.2;
					};
				};
			};
			buildConfigurationList = DF7CD82E2A0F307C00A2ACB6 /* Build configuration list for PBXProject "SwiftfulMapApp" */;
			compatibilityVersion = "Xcode 14.0";
			developmentRegion = en;
			hasScannedForEncodings = 0;
			knownRegions = (
				en,
				Base,
			);
			mainGroup = DF7CD82A2A0F307C00A2ACB6;
			productRefGroup = DF7CD8342A0F307C00A2ACB6 /* Products */;
			projectDirPath = "";
			projectRoot = "";
			targets = (
				DF7CD8322A0F307C00A2ACB6 /* SwiftfulMapApp */,
			);
		};
/* End PBXProject section */

/* Begin PBXResourcesBuildPhase section */
		DF7CD8312A0F307C00A2ACB6 /* Resources */ = {
			isa = PBXResourcesBuildPhase;
			buildActionMask = 2147483647;
			files = (
				DF7CD8452A0F309D00A2ACB6 /* Assets.xcassets in Resources */,
				DF7CD83E2A0F307D00A2ACB6 /* Preview Assets.xcassets in Resources */,
			);
			runOnlyForDeploymentPostprocessing = 0;
		};
/* End PBXResourcesBuildPhase section */

/* Begin PBXSourcesBuildPhase section */
		DF7CD82F2A0F307C00A2ACB6 /* Sources */ = {
			isa = PBXSourcesBuildPhase;
			buildActionMask = 2147483647;
			files = (
				DF508C9D2A148F4200C714AC /* Location.swift in Sources */,
				DF508C982A148F3C00C714AC /* LocationsView.swift in Sources */,
				DF508C992A148F3C00C714AC /* LocationsListView.swift in Sources */,
				DF508C9A2A148F3C00C714AC /* LocationPreviewView.swift in Sources */,
				DF508C9B2A148F3C00C714AC /* LocationMapAnnotionView.swift in Sources */,
				DF508C9C2A148F3C00C714AC /* LocationDetailView.swift in Sources */,
				DF508C972A148F2C00C714AC /* LocationViewModel.swift in Sources */,
				DF508C962A148F2000C714AC /* LocationsDataService.swift in Sources */,
				DF508C952A148F1900C714AC /* SwiftfulMapAppApp.swift in Sources */,
			);
			runOnlyForDeploymentPostprocessing = 0;
		};
/* End PBXSourcesBuildPhase section */

/* Begin XCBuildConfiguration section */
		DF7CD83F2A0F307D00A2ACB6 /* Debug */ = {
			isa = XCBuildConfiguration;
			buildSettings = {
				ALWAYS_SEARCH_USER_PATHS = NO;
				CLANG_ANALYZER_NONNULL = YES;
				CLANG_ANALYZER_NUMBER_OBJECT_CONVERSION = YES_AGGRESSIVE;
				CLANG_CXX_LANGUAGE_STANDARD = "gnu++20";
				CLANG_ENABLE_MODULES = YES;
				CLANG_ENABLE_OBJC_ARC = YES;
				CLANG_ENABLE_OBJC_WEAK = YES;
				CLANG_WARN_BLOCK_CAPTURE_AUTORELEASING = YES;
				CLANG_WARN_BOOL_CONVERSION = YES;
				CLANG_WARN_COMMA = YES;
				CLANG_WARN_CONSTANT_CONVERSION = YES;
				CLANG_WARN_DEPRECATED_OBJC_IMPLEMENTATIONS = YES;
				CLANG_WARN_DIRECT_OBJC_ISA_USAGE = YES_ERROR;
				CLANG_WARN_DOCUMENTATION_COMMENTS = YES;
				CLANG_WARN_EMPTY_BODY = YES;
				CLANG_WARN_ENUM_CONVERSION = YES;
				CLANG_WARN_INFINITE_RECURSION = YES;
				CLANG_WARN_INT_CONVERSION = YES;
				CLANG_WARN_NON_LITERAL_NULL_CONVERSION = YES;
				CLANG_WARN_OBJC_IMPLICIT_RETAIN_SELF = YES;
				CLANG_WARN_OBJC_LITERAL_CONVERSION = YES;
				CLANG_WARN_OBJC_ROOT_CLASS = YES_ERROR;
				CLANG_WARN_QUOTED_INCLUDE_IN_FRAMEWORK_HEADER = YES;
				CLANG_WARN_RANGE_LOOP_ANALYSIS = YES;
				CLANG_WARN_STRICT_PROTOTYPES = YES;
				CLANG_WARN_SUSPICIOUS_MOVE = YES;
				CLANG_WARN_UNGUARDED_AVAILABILITY = YES_AGGRESSIVE;
				CLANG_WARN_UNREACHABLE_CODE = YES;
				CLANG_WARN__DUPLICATE_METHOD_MATCH = YES;
				COPY_PHASE_STRIP = NO;
				DEBUG_INFORMATION_FORMAT = dwarf;
				ENABLE_STRICT_OBJC_MSGSEND = YES;
				ENABLE_TESTABILITY = YES;
				GCC_C_LANGUAGE_STANDARD = gnu11;
				GCC_DYNAMIC_NO_PIC = NO;
				GCC_NO_COMMON_BLOCKS = YES;
				GCC_OPTIMIZATION_LEVEL = 0;
				GCC_PREPROCESSOR_DEFINITIONS = (
					"DEBUG=1",
					"$(inherited)",
				);
				GCC_WARN_64_TO_32_BIT_CONVERSION = YES;
				GCC_WARN_ABOUT_RETURN_TYPE = YES_ERROR;
				GCC_WARN_UNDECLARED_SELECTOR = YES;
				GCC_WARN_UNINITIALIZED_AUTOS = YES_AGGRESSIVE;
				GCC_WARN_UNUSED_FUNCTION = YES;
				GCC_WARN_UNUSED_VARIABLE = YES;
				IPHONEOS_DEPLOYMENT_TARGET = 16.2;
				MTL_ENABLE_DEBUG_INFO = INCLUDE_SOURCE;
				MTL_FAST_MATH = YES;
				ONLY_ACTIVE_ARCH = YES;
				SDKROOT = iphoneos;
				SWIFT_ACTIVE_COMPILATION_CONDITIONS = DEBUG;
				SWIFT_OPTIMIZATION_LEVEL = "-Onone";
			};
			name = Debug;
		};
		DF7CD8402A0F307D00A2ACB6 /* Release */ = {
			isa = XCBuildConfiguration;
			buildSettings = {
				ALWAYS_SEARCH_USER_PATHS = NO;
				CLANG_ANALYZER_NONNULL = YES;
				CLANG_ANALYZER_NUMBER_OBJECT_CONVERSION = YES_AGGRESSIVE;
				CLANG_CXX_LANGUAGE_STANDARD = "gnu++20";
				CLANG_ENABLE_MODULES = YES;
				CLANG_ENABLE_OBJC_ARC = YES;
				CLANG_ENABLE_OBJC_WEAK = YES;
				CLANG_WARN_BLOCK_CAPTURE_AUTORELEASING = YES;
				CLANG_WARN_BOOL_CONVERSION = YES;
				CLANG_WARN_COMMA = YES;
				CLANG_WARN_CONSTANT_CONVERSION = YES;
				CLANG_WARN_DEPRECATED_OBJC_IMPLEMENTATIONS = YES;
				CLANG_WARN_DIRECT_OBJC_ISA_USAGE = YES_ERROR;
				CLANG_WARN_DOCUMENTATION_COMMENTS = YES;
				CLANG_WARN_EMPTY_BODY = YES;
				CLANG_WARN_ENUM_CONVERSION = YES;
				CLANG_WARN_INFINITE_RECURSION = YES;
				CLANG_WARN_INT_CONVERSION = YES;
				CLANG_WARN_NON_LITERAL_NULL_CONVERSION = YES;
				CLANG_WARN_OBJC_IMPLICIT_RETAIN_SELF = YES;
				CLANG_WARN_OBJC_LITERAL_CONVERSION = YES;
				CLANG_WARN_OBJC_ROOT_CLASS = YES_ERROR;
				CLANG_WARN_QUOTED_INCLUDE_IN_FRAMEWORK_HEADER = YES;
				CLANG_WARN_RANGE_LOOP_ANALYSIS = YES;
				CLANG_WARN_STRICT_PROTOTYPES = YES;
				CLANG_WARN_SUSPICIOUS_MOVE = YES;
				CLANG_WARN_UNGUARDED_AVAILABILITY = YES_AGGRESSIVE;
				CLANG_WARN_UNREACHABLE_CODE = YES;
				CLANG_WARN__DUPLICATE_METHOD_MATCH = YES;
				COPY_PHASE_STRIP = NO;
				DEBUG_INFORMATION_FORMAT = "dwarf-with-dsym";
				ENABLE_NS_ASSERTIONS = NO;
				ENABLE_STRICT_OBJC_MSGSEND = YES;
				GCC_C_LANGUAGE_STANDARD = gnu11;
				GCC_NO_COMMON_BLOCKS = YES;
				GCC_WARN_64_TO_32_BIT_CONVERSION = YES;
				GCC_WARN_ABOUT_RETURN_TYPE = YES_ERROR;
				GCC_WARN_UNDECLARED_SELECTOR = YES;
				GCC_WARN_UNINITIALIZED_AUTOS = YES_AGGRESSIVE;
				GCC_WARN_UNUSED_FUNCTION = YES;
				GCC_WARN_UNUSED_VARIABLE = YES;
				IPHONEOS_DEPLOYMENT_TARGET = 16.2;
				MTL_ENABLE_DEBUG_INFO = NO;
				MTL_FAST_MATH = YES;
				SDKROOT = iphoneos;
				SWIFT_COMPILATION_MODE = wholemodule;
				SWIFT_OPTIMIZATION_LEVEL = "-O";
				VALIDATE_PRODUCT = YES;
			};
			name = Release;
		};
		DF7CD8422A0F307D00A2ACB6 /* Debug */ = {
			isa = XCBuildConfiguration;
			buildSettings = {
				ASSETCATALOG_COMPILER_APPICON_NAME = AppIcon;
				ASSETCATALOG_COMPILER_GLOBAL_ACCENT_COLOR_NAME = AccentColor;
				CODE_SIGN_STYLE = Automatic;
				CURRENT_PROJECT_VERSION = 1;
				DEVELOPMENT_ASSET_PATHS = "\"SwiftfulMapApp/Preview Content\"";
				DEVELOPMENT_TEAM = CSDME8QJX3;
				ENABLE_PREVIEWS = YES;
				GENERATE_INFOPLIST_FILE = YES;
				INFOPLIST_FILE = SwiftfulMapApp/Info.plist;
				INFOPLIST_KEY_CFBundleDisplayName = "Vacation Spots";
				INFOPLIST_KEY_LSApplicationCategoryType = "public.app-category.navigation";
				INFOPLIST_KEY_UIApplicationSupportsIndirectInputEvents = YES;
				INFOPLIST_KEY_UISupportedInterfaceOrientations = UIInterfaceOrientationPortrait;
				INFOPLIST_KEY_UISupportedInterfaceOrientations_iPad = "UIInterfaceOrientationLandscapeLeft UIInterfaceOrientationLandscapeRight UIInterfaceOrientationPortrait UIInterfaceOrientationPortraitUpsideDown";
				IPHONEOS_DEPLOYMENT_TARGET = 16.0;
				LD_RUNPATH_SEARCH_PATHS = (
					"$(inherited)",
					"@executable_path/Frameworks",
				);
				MARKETING_VERSION = 1.0;
				PRODUCT_BUNDLE_IDENTIFIER = com.rothermel1.SwiftfulMapApp;
				PRODUCT_NAME = "$(TARGET_NAME)";
				SUPPORTED_PLATFORMS = "iphoneos iphonesimulator";
				SUPPORTS_MACCATALYST = NO;
				SUPPORTS_MAC_DESIGNED_FOR_IPHONE_IPAD = NO;
				SWIFT_EMIT_LOC_STRINGS = YES;
				SWIFT_VERSION = 5.0;
				TARGETED_DEVICE_FAMILY = "1,2";
			};
			name = Debug;
		};
		DF7CD8432A0F307D00A2ACB6 /* Release */ = {
			isa = XCBuildConfiguration;
			buildSettings = {
				ASSETCATALOG_COMPILER_APPICON_NAME = AppIcon;
				ASSETCATALOG_COMPILER_GLOBAL_ACCENT_COLOR_NAME = AccentColor;
				CODE_SIGN_STYLE = Automatic;
				CURRENT_PROJECT_VERSION = 1;
				DEVELOPMENT_ASSET_PATHS = "\"SwiftfulMapApp/Preview Content\"";
				DEVELOPMENT_TEAM = CSDME8QJX3;
				ENABLE_PREVIEWS = YES;
				GENERATE_INFOPLIST_FILE = YES;
				INFOPLIST_FILE = SwiftfulMapApp/Info.plist;
				INFOPLIST_KEY_CFBundleDisplayName = "Vacation Spots";
				INFOPLIST_KEY_LSApplicationCategoryType = "public.app-category.navigation";
				INFOPLIST_KEY_UIApplicationSupportsIndirectInputEvents = YES;
				INFOPLIST_KEY_UISupportedInterfaceOrientations = UIInterfaceOrientationPortrait;
				INFOPLIST_KEY_UISupportedInterfaceOrientations_iPad = "UIInterfaceOrientationLandscapeLeft UIInterfaceOrientationLandscapeRight UIInterfaceOrientationPortrait UIInterfaceOrientationPortraitUpsideDown";
				IPHONEOS_DEPLOYMENT_TARGET = 16.0;
				LD_RUNPATH_SEARCH_PATHS = (
					"$(inherited)",
					"@executable_path/Frameworks",
				);
				MARKETING_VERSION = 1.0;
				PRODUCT_BUNDLE_IDENTIFIER = com.rothermel1.SwiftfulMapApp;
				PRODUCT_NAME = "$(TARGET_NAME)";
				SUPPORTED_PLATFORMS = "iphoneos iphonesimulator";
				SUPPORTS_MACCATALYST = NO;
				SUPPORTS_MAC_DESIGNED_FOR_IPHONE_IPAD = NO;
				SWIFT_EMIT_LOC_STRINGS = YES;
				SWIFT_VERSION = 5.0;
				TARGETED_DEVICE_FAMILY = "1,2";
			};
			name = Release;
		};
/* End XCBuildConfiguration section */

/* Begin XCConfigurationList section */
		DF7CD82E2A0F307C00A2ACB6 /* Build configuration list for PBXProject "SwiftfulMapApp" */ = {
			isa = XCConfigurationList;
			buildConfigurations = (
				DF7CD83F2A0F307D00A2ACB6 /* Debug */,
				DF7CD8402A0F307D00A2ACB6 /* Release */,
			);
			defaultConfigurationIsVisible = 0;
			defaultConfigurationName = Release;
		};
		DF7CD8412A0F307D00A2ACB6 /* Build configuration list for PBXNativeTarget "SwiftfulMapApp" */ = {
			isa = XCConfigurationList;
			buildConfigurations = (
				DF7CD8422A0F307D00A2ACB6 /* Debug */,
				DF7CD8432A0F307D00A2ACB6 /* Release */,
			);
			defaultConfigurationIsVisible = 0;
			defaultConfigurationName = Release;
		};
/* End XCConfigurationList section */
	};
	rootObject = DF7CD82B2A0F307C00A2ACB6 /* Project object */;
}
